// !$*UTF8*$!
{
	archiveVersion = 1;
	classes = {
	};
	objectVersion = 46;
	objects = {

/* Begin PBXBuildFile section */
		3D4BAD721C48D9920066DF10 /* AppDelegate.swift in Sources */ = {isa = PBXBuildFile; fileRef = 3D4BAD711C48D9920066DF10 /* AppDelegate.swift */; };
		3D4BAD741C48D9920066DF10 /* ViewController.swift in Sources */ = {isa = PBXBuildFile; fileRef = 3D4BAD731C48D9920066DF10 /* ViewController.swift */; };
		3D4BAD771C48D9920066DF10 /* Main.storyboard in Resources */ = {isa = PBXBuildFile; fileRef = 3D4BAD751C48D9920066DF10 /* Main.storyboard */; };
		3D4BAD791C48D9920066DF10 /* Assets.xcassets in Resources */ = {isa = PBXBuildFile; fileRef = 3D4BAD781C48D9920066DF10 /* Assets.xcassets */; };
		3D4BAD7C1C48D9920066DF10 /* LaunchScreen.storyboard in Resources */ = {isa = PBXBuildFile; fileRef = 3D4BAD7A1C48D9920066DF10 /* LaunchScreen.storyboard */; };
		3D4BAD871C48D9920066DF10 /* MyQiitaTests.swift in Sources */ = {isa = PBXBuildFile; fileRef = 3D4BAD861C48D9920066DF10 /* MyQiitaTests.swift */; };
		3D4BAD921C48D9920066DF10 /* MyQiitaUITests.swift in Sources */ = {isa = PBXBuildFile; fileRef = 3D4BAD911C48D9920066DF10 /* MyQiitaUITests.swift */; };
/* End PBXBuildFile section */

/* Begin PBXContainerItemProxy section */
		3D4BAD831C48D9920066DF10 /* PBXContainerItemProxy */ = {
			isa = PBXContainerItemProxy;
			containerPortal = 3D4BAD661C48D9920066DF10 /* Project object */;
			proxyType = 1;
			remoteGlobalIDString = 3D4BAD6D1C48D9920066DF10;
			remoteInfo = MyQiita;
		};
		3D4BAD8E1C48D9920066DF10 /* PBXContainerItemProxy */ = {
			isa = PBXContainerItemProxy;
			containerPortal = 3D4BAD661C48D9920066DF10 /* Project object */;
			proxyType = 1;
			remoteGlobalIDString = 3D4BAD6D1C48D9920066DF10;
			remoteInfo = MyQiita;
		};
/* End PBXContainerItemProxy section */

/* Begin PBXFileReference section */
		3D4BAD6E1C48D9920066DF10 /* MyQiita.app */ = {isa = PBXFileReference; explicitFileType = wrapper.application; includeInIndex = 0; path = MyQiita.app; sourceTree = BUILT_PRODUCTS_DIR; };
		3D4BAD711C48D9920066DF10 /* AppDelegate.swift */ = {isa = PBXFileReference; lastKnownFileType = sourcecode.swift; path = AppDelegate.swift; sourceTree = "<group>"; };
		3D4BAD731C48D9920066DF10 /* ViewController.swift */ = {isa = PBXFileReference; lastKnownFileType = sourcecode.swift; path = ViewController.swift; sourceTree = "<group>"; };
		3D4BAD761C48D9920066DF10 /* Base */ = {isa = PBXFileReference; lastKnownFileType = file.storyboard; name = Base; path = Base.lproj/Main.storyboard; sourceTree = "<group>"; };
		3D4BAD781C48D9920066DF10 /* Assets.xcassets */ = {isa = PBXFileReference; lastKnownFileType = folder.assetcatalog; path = Assets.xcassets; sourceTree = "<group>"; };
		3D4BAD7B1C48D9920066DF10 /* Base */ = {isa = PBXFileReference; lastKnownFileType = file.storyboard; name = Base; path = Base.lproj/LaunchScreen.storyboard; sourceTree = "<group>"; };
		3D4BAD7D1C48D9920066DF10 /* Info.plist */ = {isa = PBXFileReference; lastKnownFileType = text.plist.xml; path = Info.plist; sourceTree = "<group>"; };
		3D4BAD821C48D9920066DF10 /* MyQiitaTests.xctest */ = {isa = PBXFileReference; explicitFileType = wrapper.cfbundle; includeInIndex = 0; path = MyQiitaTests.xctest; sourceTree = BUILT_PRODUCTS_DIR; };
		3D4BAD861C48D9920066DF10 /* MyQiitaTests.swift */ = {isa = PBXFileReference; lastKnownFileType = sourcecode.swift; path = MyQiitaTests.swift; sourceTree = "<group>"; };
		3D4BAD881C48D9920066DF10 /* Info.plist */ = {isa = PBXFileReference; lastKnownFileType = text.plist.xml; path = Info.plist; sourceTree = "<group>"; };
		3D4BAD8D1C48D9920066DF10 /* MyQiitaUITests.xctest */ = {isa = PBXFileReference; explicitFileType = wrapper.cfbundle; includeInIndex = 0; path = MyQiitaUITests.xctest; sourceTree = BUILT_PRODUCTS_DIR; };
		3D4BAD911C48D9920066DF10 /* MyQiitaUITests.swift */ = {isa = PBXFileReference; lastKnownFileType = sourcecode.swift; path = MyQiitaUITests.swift; sourceTree = "<group>"; };
		3D4BAD931C48D9920066DF10 /* Info.plist */ = {isa = PBXFileReference; lastKnownFileType = text.plist.xml; path = Info.plist; sourceTree = "<group>"; };
/* End PBXFileReference section */

/* Begin PBXFrameworksBuildPhase section */
		3D4BAD6B1C48D9920066DF10 /* Frameworks */ = {
			isa = PBXFrameworksBuildPhase;
			buildActionMask = 2147483647;
			files = (
			);
			runOnlyForDeploymentPostprocessing = 0;
		};
		3D4BAD7F1C48D9920066DF10 /* Frameworks */ = {
			isa = PBXFrameworksBuildPhase;
			buildActionMask = 2147483647;
			files = (
			);
			runOnlyForDeploymentPostprocessing = 0;
		};
		3D4BAD8A1C48D9920066DF10 /* Frameworks */ = {
			isa = PBXFrameworksBuildPhase;
			buildActionMask = 2147483647;
			files = (
			);
			runOnlyForDeploymentPostprocessing = 0;
		};
/* End PBXFrameworksBuildPhase section */

/* Begin PBXGroup section */
		3D4BAD651C48D9920066DF10 = {
			isa = PBXGroup;
			children = (
				3D4BAD701C48D9920066DF10 /* MyQiita */,
				3D4BAD851C48D9920066DF10 /* MyQiitaTests */,
				3D4BAD901C48D9920066DF10 /* MyQiitaUITests */,
				3D4BAD6F1C48D9920066DF10 /* Products */,
			);
			sourceTree = "<group>";
		};
		3D4BAD6F1C48D9920066DF10 /* Products */ = {
			isa = PBXGroup;
			children = (
				3D4BAD6E1C48D9920066DF10 /* MyQiita.app */,
				3D4BAD821C48D9920066DF10 /* MyQiitaTests.xctest */,
				3D4BAD8D1C48D9920066DF10 /* MyQiitaUITests.xctest */,
			);
			name = Products;
			sourceTree = "<group>";
		};
		3D4BAD701C48D9920066DF10 /* MyQiita */ = {
			isa = PBXGroup;
			children = (
				3D4BAD711C48D9920066DF10 /* AppDelegate.swift */,
				3D4BAD731C48D9920066DF10 /* ViewController.swift */,
				3D4BAD751C48D9920066DF10 /* Main.storyboard */,
				3D4BAD781C48D9920066DF10 /* Assets.xcassets */,
				3D4BAD7A1C48D9920066DF10 /* LaunchScreen.storyboard */,
				3D4BAD7D1C48D9920066DF10 /* Info.plist */,
			);
			path = MyQiita;
			sourceTree = "<group>";
		};
		3D4BAD851C48D9920066DF10 /* MyQiitaTests */ = {
			isa = PBXGroup;
			children = (
				3D4BAD861C48D9920066DF10 /* MyQiitaTests.swift */,
				3D4BAD881C48D9920066DF10 /* Info.plist */,
			);
			path = MyQiitaTests;
			sourceTree = "<group>";
		};
		3D4BAD901C48D9920066DF10 /* MyQiitaUITests */ = {
			isa = PBXGroup;
			children = (
				3D4BAD911C48D9920066DF10 /* MyQiitaUITests.swift */,
				3D4BAD931C48D9920066DF10 /* Info.plist */,
			);
			path = MyQiitaUITests;
			sourceTree = "<group>";
		};
/* End PBXGroup section */

/* Begin PBXNativeTarget section */
		3D4BAD6D1C48D9920066DF10 /* MyQiita */ = {
			isa = PBXNativeTarget;
			buildConfigurationList = 3D4BAD961C48D9920066DF10 /* Build configuration list for PBXNativeTarget "MyQiita" */;
			buildPhases = (
				3D4BAD6A1C48D9920066DF10 /* Sources */,
				3D4BAD6B1C48D9920066DF10 /* Frameworks */,
				3D4BAD6C1C48D9920066DF10 /* Resources */,
			);
			buildRules = (
			);
			dependencies = (
			);
			name = MyQiita;
			productName = MyQiita;
			productReference = 3D4BAD6E1C48D9920066DF10 /* MyQiita.app */;
			productType = "com.apple.product-type.application";
		};
		3D4BAD811C48D9920066DF10 /* MyQiitaTests */ = {
			isa = PBXNativeTarget;
			buildConfigurationList = 3D4BAD991C48D9920066DF10 /* Build configuration list for PBXNativeTarget "MyQiitaTests" */;
			buildPhases = (
				3D4BAD7E1C48D9920066DF10 /* Sources */,
				3D4BAD7F1C48D9920066DF10 /* Frameworks */,
				3D4BAD801C48D9920066DF10 /* Resources */,
			);
			buildRules = (
			);
			dependencies = (
				3D4BAD841C48D9920066DF10 /* PBXTargetDependency */,
			);
			name = MyQiitaTests;
			productName = MyQiitaTests;
			productReference = 3D4BAD821C48D9920066DF10 /* MyQiitaTests.xctest */;
			productType = "com.apple.product-type.bundle.unit-test";
		};
		3D4BAD8C1C48D9920066DF10 /* MyQiitaUITests */ = {
			isa = PBXNativeTarget;
			buildConfigurationList = 3D4BAD9C1C48D9920066DF10 /* Build configuration list for PBXNativeTarget "MyQiitaUITests" */;
			buildPhases = (
				3D4BAD891C48D9920066DF10 /* Sources */,
				3D4BAD8A1C48D9920066DF10 /* Frameworks */,
				3D4BAD8B1C48D9920066DF10 /* Resources */,
			);
			buildRules = (
			);
			dependencies = (
				3D4BAD8F1C48D9920066DF10 /* PBXTargetDependency */,
			);
			name = MyQiitaUITests;
			productName = MyQiitaUITests;
			productReference = 3D4BAD8D1C48D9920066DF10 /* MyQiitaUITests.xctest */;
			productType = "com.apple.product-type.bundle.ui-testing";
		};
/* End PBXNativeTarget section */

/* Begin PBXProject section */
		3D4BAD661C48D9920066DF10 /* Project object */ = {
			isa = PBXProject;
			attributes = {
				LastSwiftUpdateCheck = 0720;
				LastUpgradeCheck = 0720;
				ORGANIZATIONNAME = "Naoto Kaneko";
				TargetAttributes = {
					3D4BAD6D1C48D9920066DF10 = {
						CreatedOnToolsVersion = 7.2;
					};
					3D4BAD811C48D9920066DF10 = {
						CreatedOnToolsVersion = 7.2;
						TestTargetID = 3D4BAD6D1C48D9920066DF10;
					};
					3D4BAD8C1C48D9920066DF10 = {
						CreatedOnToolsVersion = 7.2;
						TestTargetID = 3D4BAD6D1C48D9920066DF10;
					};
				};
			};
			buildConfigurationList = 3D4BAD691C48D9920066DF10 /* Build configuration list for PBXProject "MyQiita" */;
			compatibilityVersion = "Xcode 3.2";
			developmentRegion = English;
			hasScannedForEncodings = 0;
			knownRegions = (
				en,
				Base,
			);
			mainGroup = 3D4BAD651C48D9920066DF10;
			productRefGroup = 3D4BAD6F1C48D9920066DF10 /* Products */;
			projectDirPath = "";
			projectRoot = "";
			targets = (
				3D4BAD6D1C48D9920066DF10 /* MyQiita */,
				3D4BAD811C48D9920066DF10 /* MyQiitaTests */,
				3D4BAD8C1C48D9920066DF10 /* MyQiitaUITests */,
			);
		};
/* End PBXProject section */

/* Begin PBXResourcesBuildPhase section */
		3D4BAD6C1C48D9920066DF10 /* Resources */ = {
			isa = PBXResourcesBuildPhase;
			buildActionMask = 2147483647;
			files = (
				3D4BAD7C1C48D9920066DF10 /* LaunchScreen.storyboard in Resources */,
				3D4BAD791C48D9920066DF10 /* Assets.xcassets in Resources */,
				3D4BAD771C48D9920066DF10 /* Main.storyboard in Resources */,
			);
			runOnlyForDeploymentPostprocessing = 0;
		};
		3D4BAD801C48D9920066DF10 /* Resources */ = {
			isa = PBXResourcesBuildPhase;
			buildActionMask = 2147483647;
			files = (
			);
			runOnlyForDeploymentPostprocessing = 0;
		};
		3D4BAD8B1C48D9920066DF10 /* Resources */ = {
			isa = PBXResourcesBuildPhase;
			buildActionMask = 2147483647;
			files = (
			);
			runOnlyForDeploymentPostprocessing = 0;
		};
/* End PBXResourcesBuildPhase section */

/* Begin PBXSourcesBuildPhase section */
		3D4BAD6A1C48D9920066DF10 /* Sources */ = {
			isa = PBXSourcesBuildPhase;
			buildActionMask = 2147483647;
			files = (
				3D4BAD741C48D9920066DF10 /* ViewController.swift in Sources */,
				3D4BAD721C48D9920066DF10 /* AppDelegate.swift in Sources */,
			);
			runOnlyForDeploymentPostprocessing = 0;
		};
		3D4BAD7E1C48D9920066DF10 /* Sources */ = {
			isa = PBXSourcesBuildPhase;
			buildActionMask = 2147483647;
			files = (
				3D4BAD871C48D9920066DF10 /* MyQiitaTests.swift in Sources */,
			);
			runOnlyForDeploymentPostprocessing = 0;
		};
		3D4BAD891C48D9920066DF10 /* Sources */ = {
			isa = PBXSourcesBuildPhase;
			buildActionMask = 2147483647;
			files = (
				3D4BAD921C48D9920066DF10 /* MyQiitaUITests.swift in Sources */,
			);
			runOnlyForDeploymentPostprocessing = 0;
		};
/* End PBXSourcesBuildPhase section */

/* Begin PBXTargetDependency section */
		3D4BAD841C48D9920066DF10 /* PBXTargetDependency */ = {
			isa = PBXTargetDependency;
			target = 3D4BAD6D1C48D9920066DF10 /* MyQiita */;
			targetProxy = 3D4BAD831C48D9920066DF10 /* PBXContainerItemProxy */;
		};
		3D4BAD8F1C48D9920066DF10 /* PBXTargetDependency */ = {
			isa = PBXTargetDependency;
			target = 3D4BAD6D1C48D9920066DF10 /* MyQiita */;
			targetProxy = 3D4BAD8E1C48D9920066DF10 /* PBXContainerItemProxy */;
		};
/* End PBXTargetDependency section */

/* Begin PBXVariantGroup section */
		3D4BAD751C48D9920066DF10 /* Main.storyboard */ = {
			isa = PBXVariantGroup;
			children = (
				3D4BAD761C48D9920066DF10 /* Base */,
			);
			name = Main.storyboard;
			sourceTree = "<group>";
		};
		3D4BAD7A1C48D9920066DF10 /* LaunchScreen.storyboard */ = {
			isa = PBXVariantGroup;
			children = (
				3D4BAD7B1C48D9920066DF10 /* Base */,
			);
			name = LaunchScreen.storyboard;
			sourceTree = "<group>";
		};
/* End PBXVariantGroup section */

/* Begin XCBuildConfiguration section */
		3D4BAD941C48D9920066DF10 /* Debug */ = {
			isa = XCBuildConfiguration;
			buildSettings = {
				ALWAYS_SEARCH_USER_PATHS = NO;
				CLANG_CXX_LANGUAGE_STANDARD = "gnu++0x";
				CLANG_CXX_LIBRARY = "libc++";
				CLANG_ENABLE_MODULES = YES;
				CLANG_ENABLE_OBJC_ARC = YES;
				CLANG_WARN_BOOL_CONVERSION = YES;
				CLANG_WARN_CONSTANT_CONVERSION = YES;
				CLANG_WARN_DIRECT_OBJC_ISA_USAGE = YES_ERROR;
				CLANG_WARN_EMPTY_BODY = YES;
				CLANG_WARN_ENUM_CONVERSION = YES;
				CLANG_WARN_INT_CONVERSION = YES;
				CLANG_WARN_OBJC_ROOT_CLASS = YES_ERROR;
				CLANG_WARN_UNREACHABLE_CODE = YES;
				CLANG_WARN__DUPLICATE_METHOD_MATCH = YES;
				"CODE_SIGN_IDENTITY[sdk=iphoneos*]" = "iPhone Developer";
				COPY_PHASE_STRIP = NO;
				DEBUG_INFORMATION_FORMAT = dwarf;
				ENABLE_STRICT_OBJC_MSGSEND = YES;
				ENABLE_TESTABILITY = YES;
				GCC_C_LANGUAGE_STANDARD = gnu99;
				GCC_DYNAMIC_NO_PIC = NO;
				GCC_NO_COMMON_BLOCKS = YES;
				GCC_OPTIMIZATION_LEVEL = 0;
				GCC_PREPROCESSOR_DEFINITIONS = (
					"DEBUG=1",
					"$(inherited)",
				);
				GCC_WARN_64_TO_32_BIT_CONVERSION = YES;
				GCC_WARN_ABOUT_RETURN_TYPE = YES_ERROR;
				GCC_WARN_UNDECLARED_SELECTOR = YES;
				GCC_WARN_UNINITIALIZED_AUTOS = YES_AGGRESSIVE;
				GCC_WARN_UNUSED_FUNCTION = YES;
				GCC_WARN_UNUSED_VARIABLE = YES;
				IPHONEOS_DEPLOYMENT_TARGET = 9.2;
				MTL_ENABLE_DEBUG_INFO = YES;
				ONLY_ACTIVE_ARCH = YES;
				SDKROOT = iphoneos;
				SWIFT_OPTIMIZATION_LEVEL = "-Onone";
			};
			name = Debug;
		};
		3D4BAD951C48D9920066DF10 /* Release */ = {
			isa = XCBuildConfiguration;
			buildSettings = {
				ALWAYS_SEARCH_USER_PATHS = NO;
				CLANG_CXX_LANGUAGE_STANDARD = "gnu++0x";
				CLANG_CXX_LIBRARY = "libc++";
				CLANG_ENABLE_MODULES = YES;
				CLANG_ENABLE_OBJC_ARC = YES;
				CLANG_WARN_BOOL_CONVERSION = YES;
				CLANG_WARN_CONSTANT_CONVERSION = YES;
				CLANG_WARN_DIRECT_OBJC_ISA_USAGE = YES_ERROR;
				CLANG_WARN_EMPTY_BODY = YES;
				CLANG_WARN_ENUM_CONVERSION = YES;
				CLANG_WARN_INT_CONVERSION = YES;
				CLANG_WARN_OBJC_ROOT_CLASS = YES_ERROR;
				CLANG_WARN_UNREACHABLE_CODE = YES;
				CLANG_WARN__DUPLICATE_METHOD_MATCH = YES;
				"CODE_SIGN_IDENTITY[sdk=iphoneos*]" = "iPhone Developer";
				COPY_PHASE_STRIP = NO;
				DEBUG_INFORMATION_FORMAT = "dwarf-with-dsym";
				ENABLE_NS_ASSERTIONS = NO;
				ENABLE_STRICT_OBJC_MSGSEND = YES;
				GCC_C_LANGUAGE_STANDARD = gnu99;
				GCC_NO_COMMON_BLOCKS = YES;
				GCC_WARN_64_TO_32_BIT_CONVERSION = YES;
				GCC_WARN_ABOUT_RETURN_TYPE = YES_ERROR;
				GCC_WARN_UNDECLARED_SELECTOR = YES;
				GCC_WARN_UNINITIALIZED_AUTOS = YES_AGGRESSIVE;
				GCC_WARN_UNUSED_FUNCTION = YES;
				GCC_WARN_UNUSED_VARIABLE = YES;
				IPHONEOS_DEPLOYMENT_TARGET = 9.2;
				MTL_ENABLE_DEBUG_INFO = NO;
				SDKROOT = iphoneos;
				VALIDATE_PRODUCT = YES;
			};
			name = Release;
		};
		3D4BAD971C48D9920066DF10 /* Debug */ = {
			isa = XCBuildConfiguration;
			buildSettings = {
				ASSETCATALOG_COMPILER_APPICON_NAME = AppIcon;
				INFOPLIST_FILE = MyQiita/Info.plist;
				LD_RUNPATH_SEARCH_PATHS = "$(inherited) @executable_path/Frameworks";
				PRODUCT_BUNDLE_IDENTIFIER = com.github.naoty.MyQiita;
				PRODUCT_NAME = "$(TARGET_NAME)";
			};
			name = Debug;
		};
		3D4BAD981C48D9920066DF10 /* Release */ = {
			isa = XCBuildConfiguration;
			buildSettings = {
				ASSETCATALOG_COMPILER_APPICON_NAME = AppIcon;
				INFOPLIST_FILE = MyQiita/Info.plist;
				LD_RUNPATH_SEARCH_PATHS = "$(inherited) @executable_path/Frameworks";
				PRODUCT_BUNDLE_IDENTIFIER = com.github.naoty.MyQiita;
				PRODUCT_NAME = "$(TARGET_NAME)";
			};
			name = Release;
		};
		3D4BAD9A1C48D9920066DF10 /* Debug */ = {
			isa = XCBuildConfiguration;
			buildSettings = {
				BUNDLE_LOADER = "$(TEST_HOST)";
				INFOPLIST_FILE = MyQiitaTests/Info.plist;
				LD_RUNPATH_SEARCH_PATHS = "$(inherited) @executable_path/Frameworks @loader_path/Frameworks";
				PRODUCT_BUNDLE_IDENTIFIER = com.github.naoty.MyQiitaTests;
				PRODUCT_NAME = "$(TARGET_NAME)";
				TEST_HOST = "$(BUILT_PRODUCTS_DIR)/MyQiita.app/MyQiita";
			};
			name = Debug;
		};
		3D4BAD9B1C48D9920066DF10 /* Release */ = {
			isa = XCBuildConfiguration;
			buildSettings = {
				BUNDLE_LOADER = "$(TEST_HOST)";
				INFOPLIST_FILE = MyQiitaTests/Info.plist;
				LD_RUNPATH_SEARCH_PATHS = "$(inherited) @executable_path/Frameworks @loader_path/Frameworks";
				PRODUCT_BUNDLE_IDENTIFIER = com.github.naoty.MyQiitaTests;
				PRODUCT_NAME = "$(TARGET_NAME)";
				TEST_HOST = "$(BUILT_PRODUCTS_DIR)/MyQiita.app/MyQiita";
			};
			name = Release;
		};
		3D4BAD9D1C48D9920066DF10 /* Debug */ = {
			isa = XCBuildConfiguration;
			buildSettings = {
				INFOPLIST_FILE = MyQiitaUITests/Info.plist;
				LD_RUNPATH_SEARCH_PATHS = "$(inherited) @executable_path/Frameworks @loader_path/Frameworks";
				PRODUCT_BUNDLE_IDENTIFIER = com.github.naoty.MyQiitaUITests;
				PRODUCT_NAME = "$(TARGET_NAME)";
				TEST_TARGET_NAME = MyQiita;
				USES_XCTRUNNER = YES;
			};
			name = Debug;
		};
		3D4BAD9E1C48D9920066DF10 /* Release */ = {
			isa = XCBuildConfiguration;
			buildSettings = {
				INFOPLIST_FILE = MyQiitaUITests/Info.plist;
				LD_RUNPATH_SEARCH_PATHS = "$(inherited) @executable_path/Frameworks @loader_path/Frameworks";
				PRODUCT_BUNDLE_IDENTIFIER = com.github.naoty.MyQiitaUITests;
				PRODUCT_NAME = "$(TARGET_NAME)";
				TEST_TARGET_NAME = MyQiita;
				USES_XCTRUNNER = YES;
			};
			name = Release;
		};
/* End XCBuildConfiguration section */

/* Begin XCConfigurationList section */
		3D4BAD691C48D9920066DF10 /* Build configuration list for PBXProject "MyQiita" */ = {
			isa = XCConfigurationList;
			buildConfigurations = (
				3D4BAD941C48D9920066DF10 /* Debug */,
				3D4BAD951C48D9920066DF10 /* Release */,
			);
			defaultConfigurationIsVisible = 0;
			defaultConfigurationName = Release;
		};
		3D4BAD961C48D9920066DF10 /* Build configuration list for PBXNativeTarget "MyQiita" */ = {
			isa = XCConfigurationList;
			buildConfigurations = (
				3D4BAD971C48D9920066DF10 /* Debug */,
				3D4BAD981C48D9920066DF10 /* Release */,
			);
			defaultConfigurationIsVisible = 0;
		};
		3D4BAD991C48D9920066DF10 /* Build configuration list for PBXNativeTarget "MyQiitaTests" */ = {
			isa = XCConfigurationList;
			buildConfigurations = (
				3D4BAD9A1C48D9920066DF10 /* Debug */,
				3D4BAD9B1C48D9920066DF10 /* Release */,
			);
			defaultConfigurationIsVisible = 0;
		};
		3D4BAD9C1C48D9920066DF10 /* Build configuration list for PBXNativeTarget "MyQiitaUITests" */ = {
			isa = XCConfigurationList;
			buildConfigurations = (
				3D4BAD9D1C48D9920066DF10 /* Debug */,
				3D4BAD9E1C48D9920066DF10 /* Release */,
			);
			defaultConfigurationIsVisible = 0;
		};
/* End XCConfigurationList section */
	};
	rootObject = 3D4BAD661C48D9920066DF10 /* Project object */;
}
